// !$*UTF8*$!
{
	archiveVersion = 1;
	classes = {
	};
	objectVersion = 46;
	objects = {

/* Begin PBXBuildFile section */
		51070C1719FA56BC0032EB38 /* TransitionManager.swift in Sources */ = {isa = PBXBuildFile; fileRef = 51070C1619FA56BC0032EB38 /* TransitionManager.swift */; };
		5114FADE19EC03B800003E4A /* AppDelegate.swift in Sources */ = {isa = PBXBuildFile; fileRef = 5114FADD19EC03B800003E4A /* AppDelegate.swift */; };
		5114FAE019EC03B800003E4A /* LoginViewController.swift in Sources */ = {isa = PBXBuildFile; fileRef = 5114FADF19EC03B800003E4A /* LoginViewController.swift */; };
		5114FAF419EC03B800003E4A /* SeaFoamClientTests.swift in Sources */ = {isa = PBXBuildFile; fileRef = 5114FAF319EC03B800003E4A /* SeaFoamClientTests.swift */; };
		5114FAFF19EC046900003E4A /* libPods-SeaFoamClient-CocoaAsyncSocket.a in Frameworks */ = {isa = PBXBuildFile; fileRef = 5114FAFD19EC046900003E4A /* libPods-SeaFoamClient-CocoaAsyncSocket.a */; };
		5114FB0019EC046900003E4A /* libPods-SeaFoamClient-CocoaLumberjack.a in Frameworks */ = {isa = PBXBuildFile; fileRef = 5114FAFE19EC046900003E4A /* libPods-SeaFoamClient-CocoaLumberjack.a */; };
		5114FB0319EC051500003E4A /* CocoaLumberjack.swift in Sources */ = {isa = PBXBuildFile; fileRef = 5114FB0219EC051500003E4A /* CocoaLumberjack.swift */; };
		5114FB0519EC053600003E4A /* SeaSocket.swift in Sources */ = {isa = PBXBuildFile; fileRef = 5114FB0419EC053600003E4A /* SeaSocket.swift */; };
		511E261319F343A200F78034 /* ClearWhite.png in Resources */ = {isa = PBXBuildFile; fileRef = 511E261219F343A200F78034 /* ClearWhite.png */; };
		511E261519F3458000F78034 /* ClearWhitePressed.png in Resources */ = {isa = PBXBuildFile; fileRef = 511E261419F3458000F78034 /* ClearWhitePressed.png */; };
		511E261919F4304800F78034 /* Helpers.swift in Sources */ = {isa = PBXBuildFile; fileRef = 511E261819F4304800F78034 /* Helpers.swift */; };
		5164A1B61A02DE3B003BAB76 /* star.png in Resources */ = {isa = PBXBuildFile; fileRef = 5164A1B51A02DE3B003BAB76 /* star.png */; };
		5164A1BB1A02E5E8003BAB76 /* ChatInfoCell.xib in Resources */ = {isa = PBXBuildFile; fileRef = 5164A1BA1A02E5E8003BAB76 /* ChatInfoCell.xib */; };
		51945D0219FA59E50044452D /* ChatViewController.swift in Sources */ = {isa = PBXBuildFile; fileRef = 51945D0119FA59E50044452D /* ChatViewController.swift */; };
		51A2C01019F070E9001AA365 /* Images.xcassets in Resources */ = {isa = PBXBuildFile; fileRef = 51A2C00F19F070E9001AA365 /* Images.xcassets */; };
		51B8C39D1A01C025007777ED /* MainTableViewController.swift in Sources */ = {isa = PBXBuildFile; fileRef = 51B8C39C1A01C025007777ED /* MainTableViewController.swift */; };
		51CC54D919F305FB004F7593 /* SeaFoamBG.png in Resources */ = {isa = PBXBuildFile; fileRef = 51CC54D819F305FB004F7593 /* SeaFoamBG.png */; };
		51DB679D19EEEC370035CDC4 /* Main.storyboard in Resources */ = {isa = PBXBuildFile; fileRef = 5114FAE119EC03B800003E4A /* Main.storyboard */; };
		51DB679F19EEEC370035CDC4 /* LaunchScreen.xib in Resources */ = {isa = PBXBuildFile; fileRef = 5114FAE619EC03B800003E4A /* LaunchScreen.xib */; };
		6BC9C92FAEA515C7228EA566 /* libPods-SeaFoamClient.a in Frameworks */ = {isa = PBXBuildFile; fileRef = 07ACE05A069E8F117A043425 /* libPods-SeaFoamClient.a */; };
/* End PBXBuildFile section */

/* Begin PBXContainerItemProxy section */
		5114FAEE19EC03B800003E4A /* PBXContainerItemProxy */ = {
			isa = PBXContainerItemProxy;
			containerPortal = 5114FAD019EC03B800003E4A /* Project object */;
			proxyType = 1;
			remoteGlobalIDString = 5114FAD719EC03B800003E4A;
			remoteInfo = SeaFoamClient;
		};
/* End PBXContainerItemProxy section */

/* Begin PBXFileReference section */
		07ACE05A069E8F117A043425 /* libPods-SeaFoamClient.a */ = {isa = PBXFileReference; explicitFileType = archive.ar; includeInIndex = 0; path = "libPods-SeaFoamClient.a"; sourceTree = BUILT_PRODUCTS_DIR; };
		466762A55DE4B2BBDA4F2176 /* Pods-SeaFoamClient.debug.xcconfig */ = {isa = PBXFileReference; includeInIndex = 1; lastKnownFileType = text.xcconfig; name = "Pods-SeaFoamClient.debug.xcconfig"; path = "Pods/Target Support Files/Pods-SeaFoamClient/Pods-SeaFoamClient.debug.xcconfig"; sourceTree = "<group>"; };
		51070C1619FA56BC0032EB38 /* TransitionManager.swift */ = {isa = PBXFileReference; fileEncoding = 4; lastKnownFileType = sourcecode.swift; path = TransitionManager.swift; sourceTree = "<group>"; };
		5114FAD819EC03B800003E4A /* SeaFoamClient.app */ = {isa = PBXFileReference; explicitFileType = wrapper.application; includeInIndex = 0; path = SeaFoamClient.app; sourceTree = BUILT_PRODUCTS_DIR; };
		5114FADC19EC03B800003E4A /* Info.plist */ = {isa = PBXFileReference; lastKnownFileType = text.plist.xml; path = Info.plist; sourceTree = "<group>"; };
		5114FADD19EC03B800003E4A /* AppDelegate.swift */ = {isa = PBXFileReference; lastKnownFileType = sourcecode.swift; path = AppDelegate.swift; sourceTree = "<group>"; };
		5114FADF19EC03B800003E4A /* LoginViewController.swift */ = {isa = PBXFileReference; lastKnownFileType = sourcecode.swift; path = LoginViewController.swift; sourceTree = "<group>"; };
		5114FAE219EC03B800003E4A /* Base */ = {isa = PBXFileReference; lastKnownFileType = file.storyboard; name = Base; path = Base.lproj/Main.storyboard; sourceTree = "<group>"; };
		5114FAE719EC03B800003E4A /* Base */ = {isa = PBXFileReference; lastKnownFileType = file.xib; name = Base; path = Base.lproj/LaunchScreen.xib; sourceTree = "<group>"; };
		5114FAED19EC03B800003E4A /* SeaFoamClientTests.xctest */ = {isa = PBXFileReference; explicitFileType = wrapper.cfbundle; includeInIndex = 0; path = SeaFoamClientTests.xctest; sourceTree = BUILT_PRODUCTS_DIR; };
		5114FAF219EC03B800003E4A /* Info.plist */ = {isa = PBXFileReference; lastKnownFileType = text.plist.xml; path = Info.plist; sourceTree = "<group>"; };
		5114FAF319EC03B800003E4A /* SeaFoamClientTests.swift */ = {isa = PBXFileReference; lastKnownFileType = sourcecode.swift; path = SeaFoamClientTests.swift; sourceTree = "<group>"; };
		5114FAFD19EC046900003E4A /* libPods-SeaFoamClient-CocoaAsyncSocket.a */ = {isa = PBXFileReference; lastKnownFileType = archive.ar; name = "libPods-SeaFoamClient-CocoaAsyncSocket.a"; path = "Pods/build/Debug-iphoneos/libPods-SeaFoamClient-CocoaAsyncSocket.a"; sourceTree = "<group>"; };
		5114FAFE19EC046900003E4A /* libPods-SeaFoamClient-CocoaLumberjack.a */ = {isa = PBXFileReference; lastKnownFileType = archive.ar; name = "libPods-SeaFoamClient-CocoaLumberjack.a"; path = "Pods/build/Debug-iphoneos/libPods-SeaFoamClient-CocoaLumberjack.a"; sourceTree = "<group>"; };
		5114FB0119EC049100003E4A /* BridgingHeader.h */ = {isa = PBXFileReference; lastKnownFileType = sourcecode.c.h; path = BridgingHeader.h; sourceTree = "<group>"; };
		5114FB0219EC051500003E4A /* CocoaLumberjack.swift */ = {isa = PBXFileReference; fileEncoding = 4; lastKnownFileType = sourcecode.swift; path = CocoaLumberjack.swift; sourceTree = "<group>"; };
		5114FB0419EC053600003E4A /* SeaSocket.swift */ = {isa = PBXFileReference; fileEncoding = 4; lastKnownFileType = sourcecode.swift; path = SeaSocket.swift; sourceTree = "<group>"; };
		511E261219F343A200F78034 /* ClearWhite.png */ = {isa = PBXFileReference; lastKnownFileType = image.png; path = ClearWhite.png; sourceTree = "<group>"; };
		511E261419F3458000F78034 /* ClearWhitePressed.png */ = {isa = PBXFileReference; lastKnownFileType = image.png; path = ClearWhitePressed.png; sourceTree = "<group>"; };
		511E261819F4304800F78034 /* Helpers.swift */ = {isa = PBXFileReference; fileEncoding = 4; lastKnownFileType = sourcecode.swift; path = Helpers.swift; sourceTree = "<group>"; };
		5164A1B51A02DE3B003BAB76 /* star.png */ = {isa = PBXFileReference; lastKnownFileType = image.png; path = star.png; sourceTree = "<group>"; };
		5164A1BA1A02E5E8003BAB76 /* ChatInfoCell.xib */ = {isa = PBXFileReference; fileEncoding = 4; lastKnownFileType = file.xib; path = ChatInfoCell.xib; sourceTree = "<group>"; };
		51945D0119FA59E50044452D /* ChatViewController.swift */ = {isa = PBXFileReference; fileEncoding = 4; lastKnownFileType = sourcecode.swift; path = ChatViewController.swift; sourceTree = "<group>"; };
		51A2C00F19F070E9001AA365 /* Images.xcassets */ = {isa = PBXFileReference; lastKnownFileType = folder.assetcatalog; path = Images.xcassets; sourceTree = "<group>"; };
		51B8C39C1A01C025007777ED /* MainTableViewController.swift */ = {isa = PBXFileReference; fileEncoding = 4; lastKnownFileType = sourcecode.swift; path = MainTableViewController.swift; sourceTree = "<group>"; };
		51CC54D819F305FB004F7593 /* SeaFoamBG.png */ = {isa = PBXFileReference; lastKnownFileType = image.png; path = SeaFoamBG.png; sourceTree = "<group>"; };
		51CC54DA19F309BF004F7593 /* CoreImage.framework */ = {isa = PBXFileReference; lastKnownFileType = wrapper.framework; name = CoreImage.framework; path = System/Library/Frameworks/CoreImage.framework; sourceTree = SDKROOT; };
		75A5C19CAE9502B94A94F31F /* Pods-SeaFoamClient.release.xcconfig */ = {isa = PBXFileReference; includeInIndex = 1; lastKnownFileType = text.xcconfig; name = "Pods-SeaFoamClient.release.xcconfig"; path = "Pods/Target Support Files/Pods-SeaFoamClient/Pods-SeaFoamClient.release.xcconfig"; sourceTree = "<group>"; };
/* End PBXFileReference section */

/* Begin PBXFrameworksBuildPhase section */
		5114FAD519EC03B800003E4A /* Frameworks */ = {
			isa = PBXFrameworksBuildPhase;
			buildActionMask = 2147483647;
			files = (
				5114FAFF19EC046900003E4A /* libPods-SeaFoamClient-CocoaAsyncSocket.a in Frameworks */,
				5114FB0019EC046900003E4A /* libPods-SeaFoamClient-CocoaLumberjack.a in Frameworks */,
				6BC9C92FAEA515C7228EA566 /* libPods-SeaFoamClient.a in Frameworks */,
			);
			runOnlyForDeploymentPostprocessing = 0;
		};
		5114FAEA19EC03B800003E4A /* Frameworks */ = {
			isa = PBXFrameworksBuildPhase;
			buildActionMask = 2147483647;
			files = (
			);
			runOnlyForDeploymentPostprocessing = 0;
		};
/* End PBXFrameworksBuildPhase section */

/* Begin PBXGroup section */
		5114FACF19EC03B800003E4A = {
			isa = PBXGroup;
			children = (
				5114FADA19EC03B800003E4A /* SeaFoamClient */,
				5114FAF019EC03B800003E4A /* SeaFoamClientTests */,
				5114FAD919EC03B800003E4A /* Products */,
				DA814669266B08FBF244CA3C /* Pods */,
				56CA75D2103006C6F4364583 /* Frameworks */,
			);
			sourceTree = "<group>";
		};
		5114FAD919EC03B800003E4A /* Products */ = {
			isa = PBXGroup;
			children = (
				5114FAD819EC03B800003E4A /* SeaFoamClient.app */,
				5114FAED19EC03B800003E4A /* SeaFoamClientTests.xctest */,
			);
			name = Products;
			sourceTree = "<group>";
		};
		5114FADA19EC03B800003E4A /* SeaFoamClient */ = {
			isa = PBXGroup;
			children = (
				51945D0119FA59E50044452D /* ChatViewController.swift */,
				5114FADD19EC03B800003E4A /* AppDelegate.swift */,
				5114FADF19EC03B800003E4A /* LoginViewController.swift */,
				51B8C39C1A01C025007777ED /* MainTableViewController.swift */,
				5164A1B71A02E56A003BAB76 /* UI Elements */,
				518FCEA219EED1E600AE1CC9 /* Images */,
				5114FB0419EC053600003E4A /* SeaSocket.swift */,
				51A2C00F19F070E9001AA365 /* Images.xcassets */,
				5114FADB19EC03B800003E4A /* Supporting Files */,
			);
			path = SeaFoamClient;
			sourceTree = "<group>";
		};
		5114FADB19EC03B800003E4A /* Supporting Files */ = {
			isa = PBXGroup;
			children = (
				5114FB0219EC051500003E4A /* CocoaLumberjack.swift */,
				5114FB0119EC049100003E4A /* BridgingHeader.h */,
				5114FADC19EC03B800003E4A /* Info.plist */,
				511E261819F4304800F78034 /* Helpers.swift */,
				51070C1619FA56BC0032EB38 /* TransitionManager.swift */,
			);
			name = "Supporting Files";
			sourceTree = "<group>";
		};
		5114FAF019EC03B800003E4A /* SeaFoamClientTests */ = {
			isa = PBXGroup;
			children = (
				5114FAF319EC03B800003E4A /* SeaFoamClientTests.swift */,
				5114FAF119EC03B800003E4A /* Supporting Files */,
			);
			path = SeaFoamClientTests;
			sourceTree = "<group>";
		};
		5114FAF119EC03B800003E4A /* Supporting Files */ = {
			isa = PBXGroup;
			children = (
				5114FAF219EC03B800003E4A /* Info.plist */,
			);
			name = "Supporting Files";
			sourceTree = "<group>";
		};
		5164A1B71A02E56A003BAB76 /* UI Elements */ = {
			isa = PBXGroup;
			children = (
				5114FAE119EC03B800003E4A /* Main.storyboard */,
				5114FAE619EC03B800003E4A /* LaunchScreen.xib */,
				5164A1BA1A02E5E8003BAB76 /* ChatInfoCell.xib */,
			);
			name = "UI Elements";
			sourceTree = "<group>";
		};
		518FCEA219EED1E600AE1CC9 /* Images */ = {
			isa = PBXGroup;
			children = (
				5164A1B51A02DE3B003BAB76 /* star.png */,
				511E261419F3458000F78034 /* ClearWhitePressed.png */,
				511E261219F343A200F78034 /* ClearWhite.png */,
				51CC54D819F305FB004F7593 /* SeaFoamBG.png */,
			);
			name = Images;
			sourceTree = "<group>";
		};
		56CA75D2103006C6F4364583 /* Frameworks */ = {
			isa = PBXGroup;
			children = (
				51CC54DA19F309BF004F7593 /* CoreImage.framework */,
				5114FAFD19EC046900003E4A /* libPods-SeaFoamClient-CocoaAsyncSocket.a */,
				5114FAFE19EC046900003E4A /* libPods-SeaFoamClient-CocoaLumberjack.a */,
				07ACE05A069E8F117A043425 /* libPods-SeaFoamClient.a */,
			);
			name = Frameworks;
			sourceTree = "<group>";
		};
		DA814669266B08FBF244CA3C /* Pods */ = {
			isa = PBXGroup;
			children = (
				466762A55DE4B2BBDA4F2176 /* Pods-SeaFoamClient.debug.xcconfig */,
				75A5C19CAE9502B94A94F31F /* Pods-SeaFoamClient.release.xcconfig */,
			);
			name = Pods;
			sourceTree = "<group>";
		};
/* End PBXGroup section */

/* Begin PBXNativeTarget section */
		5114FAD719EC03B800003E4A /* SeaFoamClient */ = {
			isa = PBXNativeTarget;
			buildConfigurationList = 5114FAF719EC03B800003E4A /* Build configuration list for PBXNativeTarget "SeaFoamClient" */;
			buildPhases = (
				3946716FC308F7BCF1736182 /* Check Pods Manifest.lock */,
				5114FAD419EC03B800003E4A /* Sources */,
				5114FAD519EC03B800003E4A /* Frameworks */,
				5114FAD619EC03B800003E4A /* Resources */,
				B2693293E4657EC130A8B463 /* Copy Pods Resources */,
			);
			buildRules = (
			);
			dependencies = (
			);
			name = SeaFoamClient;
			productName = SeaFoamClient;
			productReference = 5114FAD819EC03B800003E4A /* SeaFoamClient.app */;
			productType = "com.apple.product-type.application";
		};
		5114FAEC19EC03B800003E4A /* SeaFoamClientTests */ = {
			isa = PBXNativeTarget;
			buildConfigurationList = 5114FAFA19EC03B800003E4A /* Build configuration list for PBXNativeTarget "SeaFoamClientTests" */;
			buildPhases = (
				5114FAE919EC03B800003E4A /* Sources */,
				5114FAEA19EC03B800003E4A /* Frameworks */,
				5114FAEB19EC03B800003E4A /* Resources */,
			);
			buildRules = (
			);
			dependencies = (
				5114FAEF19EC03B800003E4A /* PBXTargetDependency */,
			);
			name = SeaFoamClientTests;
			productName = SeaFoamClientTests;
			productReference = 5114FAED19EC03B800003E4A /* SeaFoamClientTests.xctest */;
			productType = "com.apple.product-type.bundle.unit-test";
		};
/* End PBXNativeTarget section */

/* Begin PBXProject section */
		5114FAD019EC03B800003E4A /* Project object */ = {
			isa = PBXProject;
			attributes = {
				LastUpgradeCheck = 0600;
				ORGANIZATIONNAME = SideApps;
				TargetAttributes = {
					5114FAD719EC03B800003E4A = {
						CreatedOnToolsVersion = 6.0.1;
					};
					5114FAEC19EC03B800003E4A = {
						CreatedOnToolsVersion = 6.0.1;
						TestTargetID = 5114FAD719EC03B800003E4A;
					};
				};
			};
			buildConfigurationList = 5114FAD319EC03B800003E4A /* Build configuration list for PBXProject "SeaFoamClient" */;
			compatibilityVersion = "Xcode 3.2";
			developmentRegion = English;
			hasScannedForEncodings = 0;
			knownRegions = (
				en,
				Base,
			);
			mainGroup = 5114FACF19EC03B800003E4A;
			productRefGroup = 5114FAD919EC03B800003E4A /* Products */;
			projectDirPath = "";
			projectRoot = "";
			targets = (
				5114FAD719EC03B800003E4A /* SeaFoamClient */,
				5114FAEC19EC03B800003E4A /* SeaFoamClientTests */,
			);
		};
/* End PBXProject section */

/* Begin PBXResourcesBuildPhase section */
		5114FAD619EC03B800003E4A /* Resources */ = {
			isa = PBXResourcesBuildPhase;
			buildActionMask = 2147483647;
			files = (
				511E261519F3458000F78034 /* ClearWhitePressed.png in Resources */,
				51DB679D19EEEC370035CDC4 /* Main.storyboard in Resources */,
				511E261319F343A200F78034 /* ClearWhite.png in Resources */,
				51A2C01019F070E9001AA365 /* Images.xcassets in Resources */,
				5164A1B61A02DE3B003BAB76 /* star.png in Resources */,
				51DB679F19EEEC370035CDC4 /* LaunchScreen.xib in Resources */,
				51CC54D919F305FB004F7593 /* SeaFoamBG.png in Resources */,
				5164A1BB1A02E5E8003BAB76 /* ChatInfoCell.xib in Resources */,
			);
			runOnlyForDeploymentPostprocessing = 0;
		};
		5114FAEB19EC03B800003E4A /* Resources */ = {
			isa = PBXResourcesBuildPhase;
			buildActionMask = 2147483647;
			files = (
			);
			runOnlyForDeploymentPostprocessing = 0;
		};
/* End PBXResourcesBuildPhase section */

/* Begin PBXShellScriptBuildPhase section */
		3946716FC308F7BCF1736182 /* Check Pods Manifest.lock */ = {
			isa = PBXShellScriptBuildPhase;
			buildActionMask = 2147483647;
			files = (
			);
			inputPaths = (
			);
			name = "Check Pods Manifest.lock";
			outputPaths = (
			);
			runOnlyForDeploymentPostprocessing = 0;
			shellPath = /bin/sh;
			shellScript = "diff \"${PODS_ROOT}/../Podfile.lock\" \"${PODS_ROOT}/Manifest.lock\" > /dev/null\nif [[ $? != 0 ]] ; then\n    cat << EOM\nerror: The sandbox is not in sync with the Podfile.lock. Run 'pod install' or update your CocoaPods installation.\nEOM\n    exit 1\nfi\n";
			showEnvVarsInLog = 0;
		};
		B2693293E4657EC130A8B463 /* Copy Pods Resources */ = {
			isa = PBXShellScriptBuildPhase;
			buildActionMask = 2147483647;
			files = (
			);
			inputPaths = (
			);
			name = "Copy Pods Resources";
			outputPaths = (
			);
			runOnlyForDeploymentPostprocessing = 0;
			shellPath = /bin/sh;
			shellScript = "\"${SRCROOT}/Pods/Target Support Files/Pods-SeaFoamClient/Pods-SeaFoamClient-resources.sh\"\n";
			showEnvVarsInLog = 0;
		};
/* End PBXShellScriptBuildPhase section */

/* Begin PBXSourcesBuildPhase section */
		5114FAD419EC03B800003E4A /* Sources */ = {
			isa = PBXSourcesBuildPhase;
			buildActionMask = 2147483647;
			files = (
				51070C1719FA56BC0032EB38 /* TransitionManager.swift in Sources */,
				5114FB0519EC053600003E4A /* SeaSocket.swift in Sources */,
				5114FAE019EC03B800003E4A /* LoginViewController.swift in Sources */,
				51945D0219FA59E50044452D /* ChatViewController.swift in Sources */,
				51B8C39D1A01C025007777ED /* MainTableViewController.swift in Sources */,
				5114FB0319EC051500003E4A /* CocoaLumberjack.swift in Sources */,
				511E261919F4304800F78034 /* Helpers.swift in Sources */,
				5114FADE19EC03B800003E4A /* AppDelegate.swift in Sources */,
			);
			runOnlyForDeploymentPostprocessing = 0;
		};
		5114FAE919EC03B800003E4A /* Sources */ = {
			isa = PBXSourcesBuildPhase;
			buildActionMask = 2147483647;
			files = (
				5114FAF419EC03B800003E4A /* SeaFoamClientTests.swift in Sources */,
			);
			runOnlyForDeploymentPostprocessing = 0;
		};
/* End PBXSourcesBuildPhase section */

/* Begin PBXTargetDependency section */
		5114FAEF19EC03B800003E4A /* PBXTargetDependency */ = {
			isa = PBXTargetDependency;
			target = 5114FAD719EC03B800003E4A /* SeaFoamClient */;
			targetProxy = 5114FAEE19EC03B800003E4A /* PBXContainerItemProxy */;
		};
/* End PBXTargetDependency section */

/* Begin PBXVariantGroup section */
		5114FAE119EC03B800003E4A /* Main.storyboard */ = {
			isa = PBXVariantGroup;
			children = (
				5114FAE219EC03B800003E4A /* Base */,
			);
			name = Main.storyboard;
			sourceTree = "<group>";
		};
		5114FAE619EC03B800003E4A /* LaunchScreen.xib */ = {
			isa = PBXVariantGroup;
			children = (
				5114FAE719EC03B800003E4A /* Base */,
			);
			name = LaunchScreen.xib;
			sourceTree = "<group>";
		};
/* End PBXVariantGroup section */

/* Begin XCBuildConfiguration section */
		5114FAF519EC03B800003E4A /* Debug */ = {
			isa = XCBuildConfiguration;
			buildSettings = {
				ALWAYS_SEARCH_USER_PATHS = NO;
				CLANG_CXX_LANGUAGE_STANDARD = "gnu++0x";
				CLANG_CXX_LIBRARY = "libc++";
				CLANG_ENABLE_MODULES = YES;
				CLANG_ENABLE_OBJC_ARC = YES;
				CLANG_WARN_BOOL_CONVERSION = YES;
				CLANG_WARN_CONSTANT_CONVERSION = YES;
				CLANG_WARN_DIRECT_OBJC_ISA_USAGE = YES_ERROR;
				CLANG_WARN_EMPTY_BODY = YES;
				CLANG_WARN_ENUM_CONVERSION = YES;
				CLANG_WARN_INT_CONVERSION = YES;
				CLANG_WARN_OBJC_ROOT_CLASS = YES_ERROR;
				CLANG_WARN_UNREACHABLE_CODE = YES;
				CLANG_WARN__DUPLICATE_METHOD_MATCH = YES;
				"CODE_SIGN_IDENTITY[sdk=iphoneos*]" = "iPhone Developer";
				COPY_PHASE_STRIP = NO;
				ENABLE_STRICT_OBJC_MSGSEND = YES;
				GCC_C_LANGUAGE_STANDARD = gnu99;
				GCC_DYNAMIC_NO_PIC = NO;
				GCC_OPTIMIZATION_LEVEL = 0;
				GCC_PREPROCESSOR_DEFINITIONS = (
					"DEBUG=1",
					"$(inherited)",
				);
				GCC_SYMBOLS_PRIVATE_EXTERN = NO;
				GCC_WARN_64_TO_32_BIT_CONVERSION = YES;
				GCC_WARN_ABOUT_RETURN_TYPE = YES_ERROR;
				GCC_WARN_UNDECLARED_SELECTOR = YES;
				GCC_WARN_UNINITIALIZED_AUTOS = YES_AGGRESSIVE;
				GCC_WARN_UNUSED_FUNCTION = YES;
				GCC_WARN_UNUSED_VARIABLE = YES;
				IPHONEOS_DEPLOYMENT_TARGET = 8.0;
				MTL_ENABLE_DEBUG_INFO = YES;
				ONLY_ACTIVE_ARCH = YES;
				SDKROOT = iphoneos;
				SWIFT_OPTIMIZATION_LEVEL = "-Onone";
			};
			name = Debug;
		};
		5114FAF619EC03B800003E4A /* Release */ = {
			isa = XCBuildConfiguration;
			buildSettings = {
				ALWAYS_SEARCH_USER_PATHS = NO;
				CLANG_CXX_LANGUAGE_STANDARD = "gnu++0x";
				CLANG_CXX_LIBRARY = "libc++";
				CLANG_ENABLE_MODULES = YES;
				CLANG_ENABLE_OBJC_ARC = YES;
				CLANG_WARN_BOOL_CONVERSION = YES;
				CLANG_WARN_CONSTANT_CONVERSION = YES;
				CLANG_WARN_DIRECT_OBJC_ISA_USAGE = YES_ERROR;
				CLANG_WARN_EMPTY_BODY = YES;
				CLANG_WARN_ENUM_CONVERSION = YES;
				CLANG_WARN_INT_CONVERSION = YES;
				CLANG_WARN_OBJC_ROOT_CLASS = YES_ERROR;
				CLANG_WARN_UNREACHABLE_CODE = YES;
				CLANG_WARN__DUPLICATE_METHOD_MATCH = YES;
				"CODE_SIGN_IDENTITY[sdk=iphoneos*]" = "iPhone Developer";
				COPY_PHASE_STRIP = YES;
				ENABLE_NS_ASSERTIONS = NO;
				ENABLE_STRICT_OBJC_MSGSEND = YES;
				GCC_C_LANGUAGE_STANDARD = gnu99;
				GCC_WARN_64_TO_32_BIT_CONVERSION = YES;
				GCC_WARN_ABOUT_RETURN_TYPE = YES_ERROR;
				GCC_WARN_UNDECLARED_SELECTOR = YES;
				GCC_WARN_UNINITIALIZED_AUTOS = YES_AGGRESSIVE;
				GCC_WARN_UNUSED_FUNCTION = YES;
				GCC_WARN_UNUSED_VARIABLE = YES;
				IPHONEOS_DEPLOYMENT_TARGET = 8.0;
				MTL_ENABLE_DEBUG_INFO = NO;
				SDKROOT = iphoneos;
				VALIDATE_PRODUCT = YES;
			};
			name = Release;
		};
		5114FAF819EC03B800003E4A /* Debug */ = {
			isa = XCBuildConfiguration;
			baseConfigurationReference = 466762A55DE4B2BBDA4F2176 /* Pods-SeaFoamClient.debug.xcconfig */;
			buildSettings = {
				ASSETCATALOG_COMPILER_APPICON_NAME = AppIcon;
				ASSETCATALOG_COMPILER_LAUNCHIMAGE_NAME = LaunchImage;
				CODE_SIGN_IDENTITY = "iPhone Developer";
				INFOPLIST_FILE = SeaFoamClient/Info.plist;
				IPHONEOS_DEPLOYMENT_TARGET = 8.1;
				LD_RUNPATH_SEARCH_PATHS = "$(inherited) @executable_path/Frameworks";
				LIBRARY_SEARCH_PATHS = (
					"$(inherited)",
					"$(PROJECT_DIR)/Pods/build/Debug-iphoneos",
				);
				PRODUCT_NAME = "$(TARGET_NAME)";
				PROVISIONING_PROFILE = "";
				SWIFT_OBJC_BRIDGING_HEADER = SeaFoamClient/BridgingHeader.h;
			};
			name = Debug;
		};
		5114FAF919EC03B800003E4A /* Release */ = {
			isa = XCBuildConfiguration;
			baseConfigurationReference = 75A5C19CAE9502B94A94F31F /* Pods-SeaFoamClient.release.xcconfig */;
			buildSettings = {
				ASSETCATALOG_COMPILER_APPICON_NAME = AppIcon;
				ASSETCATALOG_COMPILER_LAUNCHIMAGE_NAME = LaunchImage;
				CODE_SIGN_IDENTITY = "iPhone Developer";
				INFOPLIST_FILE = SeaFoamClient/Info.plist;
				IPHONEOS_DEPLOYMENT_TARGET = 8.1;
				LD_RUNPATH_SEARCH_PATHS = "$(inherited) @executable_path/Frameworks";
				LIBRARY_SEARCH_PATHS = (
					"$(inherited)",
					"$(PROJECT_DIR)/Pods/build/Debug-iphoneos",
				);
				PRODUCT_NAME = "$(TARGET_NAME)";
				PROVISIONING_PROFILE = "";
				SWIFT_OBJC_BRIDGING_HEADER = SeaFoamClient/BridgingHeader.h;
			};
			name = Release;
		};
		5114FAFB19EC03B800003E4A /* Debug */ = {
			isa = XCBuildConfiguration;
			buildSettings = {
				BUNDLE_LOADER = "$(TEST_HOST)";
				FRAMEWORK_SEARCH_PATHS = (
					"$(SDKROOT)/Developer/Library/Frameworks",
					"$(inherited)",
				);
				GCC_PREPROCESSOR_DEFINITIONS = (
					"DEBUG=1",
					"$(inherited)",
				);
				INFOPLIST_FILE = SeaFoamClientTests/Info.plist;
				LD_RUNPATH_SEARCH_PATHS = "$(inherited) @executable_path/Frameworks @loader_path/Frameworks";
				PRODUCT_NAME = "$(TARGET_NAME)";
				TEST_HOST = "$(BUILT_PRODUCTS_DIR)/SeaFoamClient.app/SeaFoamClient";
			};
			name = Debug;
		};
		5114FAFC19EC03B800003E4A /* Release */ = {
			isa = XCBuildConfiguration;
			buildSettings = {
				BUNDLE_LOADER = "$(TEST_HOST)";
				FRAMEWORK_SEARCH_PATHS = (
					"$(SDKROOT)/Developer/Library/Frameworks",
					"$(inherited)",
				);
				INFOPLIST_FILE = SeaFoamClientTests/Info.plist;
				LD_RUNPATH_SEARCH_PATHS = "$(inherited) @executable_path/Frameworks @loader_path/Frameworks";
				PRODUCT_NAME = "$(TARGET_NAME)";
				TEST_HOST = "$(BUILT_PRODUCTS_DIR)/SeaFoamClient.app/SeaFoamClient";
			};
			name = Release;
		};
/* End XCBuildConfiguration section */

/* Begin XCConfigurationList section */
		5114FAD319EC03B800003E4A /* Build configuration list for PBXProject "SeaFoamClient" */ = {
			isa = XCConfigurationList;
			buildConfigurations = (
				5114FAF519EC03B800003E4A /* Debug */,
				5114FAF619EC03B800003E4A /* Release */,
			);
			defaultConfigurationIsVisible = 0;
			defaultConfigurationName = Release;
		};
		5114FAF719EC03B800003E4A /* Build configuration list for PBXNativeTarget "SeaFoamClient" */ = {
			isa = XCConfigurationList;
			buildConfigurations = (
				5114FAF819EC03B800003E4A /* Debug */,
				5114FAF919EC03B800003E4A /* Release */,
			);
			defaultConfigurationIsVisible = 0;
			defaultConfigurationName = Release;
		};
		5114FAFA19EC03B800003E4A /* Build configuration list for PBXNativeTarget "SeaFoamClientTests" */ = {
			isa = XCConfigurationList;
			buildConfigurations = (
				5114FAFB19EC03B800003E4A /* Debug */,
				5114FAFC19EC03B800003E4A /* Release */,
			);
			defaultConfigurationIsVisible = 0;
			defaultConfigurationName = Release;
		};
/* End XCConfigurationList section */
	};
	rootObject = 5114FAD019EC03B800003E4A /* Project object */;
}
